
Microsoft Visual Studio Solution File, Format Version 12.00
# Visual Studio Version 17
VisualStudioVersion = 17.8.34525.116
MinimumVisualStudioVersion = 10.0.40219.1
Project("{FAE04EC0-301F-11D3-BF4B-00C04F79EFBC}") = "NeoMutant", "NeoMutant\NeoMutant.csproj", "{678CDFDE-027B-4500-831B-0D9CE1C0FD53}"
EndProject
Global
	GlobalSection(SolutionConfigurationPlatforms) = preSolution
		Debug|Any CPU = Debug|Any CPU
		Release|Any CPU = Release|Any CPU
	EndGlobalSection
	GlobalSection(ProjectConfigurationPlatforms) = postSolution
		{678CDFDE-027B-4500-831B-0D9CE1C0FD53}.Debug|Any CPU.ActiveCfg = Debug|Any CPU
		{678CDFDE-027B-4500-831B-0D9CE1C0FD53}.Debug|Any CPU.Build.0 = Debug|Any CPU
		{678CDFDE-027B-4500-831B-0D9CE1C0FD53}.Release|Any CPU.ActiveCfg = Release|Any CPU
		{678CDFDE-027B-4500-831B-0D9CE1C0FD53}.Release|Any CPU.Build.0 = Release|Any CPU
	EndGlobalSection
	GlobalSection(SolutionProperties) = preSolution
		HideSolutionNode = FALSE
	EndGlobalSection
	GlobalSection(ExtensibilityGlobals) = postSolution
		SolutionGuid = {09F05625-CD18-4FF7-93FE-D0935C7E673F}
	EndGlobalSection
EndGlobal
